
Microsoft Visual Studio Solution File, Format Version 12.00
# Visual Studio Version 17
VisualStudioVersion = 17.7.34018.315
MinimumVisualStudioVersion = 10.0.40219.1
Project("{FAE04EC0-301F-11D3-BF4B-00C04F79EFBC}") = "FirstProject", "FirstProject\FirstProject.csproj", "{0269A6A4-7534-47E9-9A86-D359D33AE4F0}"
EndProject
Project("{FAE04EC0-301F-11D3-BF4B-00C04F79EFBC}") = "FirstProject.BL", "FirstProject.BL\FirstProject.BL.csproj", "{62299AE9-65FC-4761-8A07-36B8AA6D2352}"
EndProject
Project("{FAE04EC0-301F-11D3-BF4B-00C04F79EFBC}") = "FirstProject.DAL", "FirstProject.DAL\FirstProject.DAL.csproj", "{8ADEB1E1-903E-4F95-A7C4-5C499E6C4DAE}"
EndProject
Project("{FAE04EC0-301F-11D3-BF4B-00C04F79EFBC}") = "ConsoleApp1", "ConsoleApp1\ConsoleApp1.csproj", "{A0A4599D-EB32-4C11-B1AA-180767B86C6E}"
EndProject
Global
	GlobalSection(SolutionConfigurationPlatforms) = preSolution
		Debug|Any CPU = Debug|Any CPU
		Release|Any CPU = Release|Any CPU
	EndGlobalSection
	GlobalSection(ProjectConfigurationPlatforms) = postSolution
		{0269A6A4-7534-47E9-9A86-D359D33AE4F0}.Debug|Any CPU.ActiveCfg = Debug|Any CPU
		{0269A6A4-7534-47E9-9A86-D359D33AE4F0}.Debug|Any CPU.Build.0 = Debug|Any CPU
		{0269A6A4-7534-47E9-9A86-D359D33AE4F0}.Release|Any CPU.ActiveCfg = Release|Any CPU
		{0269A6A4-7534-47E9-9A86-D359D33AE4F0}.Release|Any CPU.Build.0 = Release|Any CPU
		{62299AE9-65FC-4761-8A07-36B8AA6D2352}.Debug|Any CPU.ActiveCfg = Debug|Any CPU
		{62299AE9-65FC-4761-8A07-36B8AA6D2352}.Debug|Any CPU.Build.0 = Debug|Any CPU
		{62299AE9-65FC-4761-8A07-36B8AA6D2352}.Release|Any CPU.ActiveCfg = Release|Any CPU
		{62299AE9-65FC-4761-8A07-36B8AA6D2352}.Release|Any CPU.Build.0 = Release|Any CPU
		{8ADEB1E1-903E-4F95-A7C4-5C499E6C4DAE}.Debug|Any CPU.ActiveCfg = Debug|Any CPU
		{8ADEB1E1-903E-4F95-A7C4-5C499E6C4DAE}.Debug|Any CPU.Build.0 = Debug|Any CPU
		{8ADEB1E1-903E-4F95-A7C4-5C499E6C4DAE}.Release|Any CPU.ActiveCfg = Release|Any CPU
		{8ADEB1E1-903E-4F95-A7C4-5C499E6C4DAE}.Release|Any CPU.Build.0 = Release|Any CPU
		{A0A4599D-EB32-4C11-B1AA-180767B86C6E}.Debug|Any CPU.ActiveCfg = Debug|Any CPU
		{A0A4599D-EB32-4C11-B1AA-180767B86C6E}.Debug|Any CPU.Build.0 = Debug|Any CPU
		{A0A4599D-EB32-4C11-B1AA-180767B86C6E}.Release|Any CPU.ActiveCfg = Release|Any CPU
		{A0A4599D-EB32-4C11-B1AA-180767B86C6E}.Release|Any CPU.Build.0 = Release|Any CPU
	EndGlobalSection
	GlobalSection(SolutionProperties) = preSolution
		HideSolutionNode = FALSE
	EndGlobalSection
	GlobalSection(ExtensibilityGlobals) = postSolution
		SolutionGuid = {E27509AA-1EC1-48AD-9F7C-CA738D321377}
	EndGlobalSection
EndGlobal
